# THIS IS AN AUTOGENERATED FILE. DO NOT EDIT THIS FILE DIRECTLY.
# yarn lockfile v1


"@types/object-hash@^2.2.1":
  version "2.2.1"
  resolved "https://registry.npmmirror.com/@types/object-hash/-/object-hash-2.2.1.tgz#67c169f8f033e0b62abbf81df2d00f4598d540b9"
  integrity sha512-i/rtaJFCsPljrZvP/akBqEwUP2y5cZLOmvO+JaYnz01aPknrQ+hB5MRcO7iqCUsFaYfTG8kGfKUyboA07xeDHQ==

dayjs@^1.11.6:
  version "1.11.6"
  resolved "https://registry.npmmirror.com/dayjs/-/dayjs-1.11.6.tgz#2e79a226314ec3ec904e3ee1dd5a4f5e5b1c7afb"
  integrity sha512-zZbY5giJAinCG+7AGaw0wIhNZ6J8AhWuSXKvuc1KAyMiRsvGQWqh4L+MomvhdAYjN+lqvVCMq1I41e3YHvXkyQ==

object-hash@^3.0.0:
  version "3.0.0"
  resolved "https://registry.npmmirror.com/object-hash/-/object-hash-3.0.0.tgz#73f97f753e7baffc0e2cc9d6e079079744ac82e9"
  integrity sha512-RSn9F68PjH9HqtltsSnqYC1XXoWe9Bju5+213R98cNGttag9q9yAOTzdbsqvIa7aNm5WffBZFpWYr2aWrklWAw==

typescript@^4.8.4:
  version "4.8.4"
  resolved "https://registry.npmmirror.com/typescript/-/typescript-4.8.4.tgz#c464abca159669597be5f96b8943500b238e60e6"
  integrity sha512-QCh+85mCy+h0IGff8r5XWzOVSbBO+KfeYrMQh7NJ58QujwcE22u+NUSmUxqF+un70P9GXKxa2HCNiTTMJknyjQ==
